{
  "name": "twlight_cssjanus",
  "lockfileVersion": 3,
  "requires": true,
  "packages": {
    "": {
      "name": "twlight_cssjanus",
      "license": "MIT",
      "dependencies": {
        "cssjanus": "^2.1.0"
      }
    },
    "node_modules/cssjanus": {
      "version": "2.1.0",
      "resolved": "https://registry.npmjs.org/cssjanus/-/cssjanus-2.1.0.tgz",
      "integrity": "sha512-kAijbny3GmdOi9k+QT6DGIXqFvL96aksNlGr4Rhk9qXDZYWUojU4bRc3IHWxdaLNOqgEZHuXoe5Wl2l7dxLW5g==",
      "engines": {
        "node": ">=10.0.0"
      }
    }
  }
}
